
Microsoft Visual Studio Solution File, Format Version 12.00
# Visual Studio Version 17
VisualStudioVersion = 17.0.31903.59
MinimumVisualStudioVersion = 10.0.40219.1
Project("{2150E333-8FDC-42A3-9474-1A3956D46DE8}") = "src", "src", "{827E0CD3-B72D-47B6-A68D-7590B98EB39B}"
EndProject
Project("{FAE04EC0-301F-11D3-BF4B-00C04F79EFBC}") = "Evidata.Api", "src\Evidata.Api\Evidata.Api.csproj", "{6534699B-420F-4B94-AF74-FAC172ACDAB9}"
EndProject
Project("{FAE04EC0-301F-11D3-BF4B-00C04F79EFBC}") = "Evidata.ServiceDefaults", "src\Evidata.ServiceDefaults\Evidata.ServiceDefaults.csproj", "{DB7AA602-83F4-4F08-B3EE-E7757B85B42D}"
EndProject
Project("{FAE04EC0-301F-11D3-BF4B-00C04F79EFBC}") = "Evidata.Worker.Outbox", "src\Evidata.Worker.Outbox\Evidata.Worker.Outbox.csproj", "{ACEF8050-D5F4-453B-81F9-AA0246C9CED6}"
EndProject
Project("{FAE04EC0-301F-11D3-BF4B-00C04F79EFBC}") = "Evidata.AppHost", "src\Evidata.AppHost\Evidata.AppHost.csproj", "{B95B3708-541B-45B9-AF28-E29834692258}"
EndProject
Project("{2150E333-8FDC-42A3-9474-1A3956D46DE8}") = "Modules", "Modules", "{EC447DCF-ABFA-6E24-52A5-D7FD48A5C558}"
EndProject
Project("{2150E333-8FDC-42A3-9474-1A3956D46DE8}") = "TenantManagement", "TenantManagement", "{64ACE2CB-1E89-F4F1-DF59-CB2DF13A6FBF}"
EndProject
Project("{FAE04EC0-301F-11D3-BF4B-00C04F79EFBC}") = "Evidata.Modules.TenantManagement", "src\Modules\TenantManagement\Evidata.Modules.TenantManagement.csproj", "{61936AA2-20CD-4A4E-921C-89647542F59A}"
EndProject
Project("{2150E333-8FDC-42A3-9474-1A3956D46DE8}") = "Identity", "Identity", "{0EC62A1A-9858-3A60-8A0C-FC9AACFA2EC7}"
EndProject
Project("{FAE04EC0-301F-11D3-BF4B-00C04F79EFBC}") = "Evidata.Modules.Identity", "src\Modules\Identity\Evidata.Modules.Identity.csproj", "{D076B06C-48C8-4BF7-A1E7-F4C0FEC710CF}"
EndProject
Project("{2150E333-8FDC-42A3-9474-1A3956D46DE8}") = "Security", "Security", "{282EE0EF-0719-FA39-321C-A995029F2B89}"
EndProject
Project("{FAE04EC0-301F-11D3-BF4B-00C04F79EFBC}") = "Evidata.Modules.Security", "src\Modules\Security\Evidata.Modules.Security.csproj", "{12F2C5D9-FA0D-4C32-8DA0-9AE8CF94A361}"
EndProject
Project("{2150E333-8FDC-42A3-9474-1A3956D46DE8}") = "LegalKnowledge", "LegalKnowledge", "{FE98CD75-B91D-95F6-3805-48451ACB7E45}"
EndProject
Project("{FAE04EC0-301F-11D3-BF4B-00C04F79EFBC}") = "Evidata.Modules.LegalKnowledge", "src\Modules\LegalKnowledge\Evidata.Modules.LegalKnowledge.csproj", "{53385AAF-A9EF-432F-8D50-392BD7E48427}"
EndProject
Project("{2150E333-8FDC-42A3-9474-1A3956D46DE8}") = "Documents", "Documents", "{09A91B6C-79E6-0968-6169-7E6887562B47}"
EndProject
Project("{FAE04EC0-301F-11D3-BF4B-00C04F79EFBC}") = "Evidata.Modules.Documents", "src\Modules\Documents\Evidata.Modules.Documents.csproj", "{D4FF22DC-290B-425E-A20E-26C955EA62C1}"
EndProject
Project("{2150E333-8FDC-42A3-9474-1A3956D46DE8}") = "Evidence", "Evidence", "{0F4FA825-96CA-53A4-7777-15B379372563}"
EndProject
Project("{FAE04EC0-301F-11D3-BF4B-00C04F79EFBC}") = "Evidata.Modules.Evidence", "src\Modules\Evidence\Evidata.Modules.Evidence.csproj", "{193C590D-5110-4EAB-893F-CE6DE74DA349}"
EndProject
Project("{2150E333-8FDC-42A3-9474-1A3956D46DE8}") = "ProcessingInventory", "ProcessingInventory", "{82BFC7C4-3466-5293-075E-3D9CCDC4FC14}"
EndProject
Project("{FAE04EC0-301F-11D3-BF4B-00C04F79EFBC}") = "Evidata.Modules.ProcessingInventory", "src\Modules\ProcessingInventory\Evidata.Modules.ProcessingInventory.csproj", "{89D58249-237F-4C18-BDA5-58523AF5AD2D}"
EndProject
Project("{2150E333-8FDC-42A3-9474-1A3956D46DE8}") = "Workflow", "Workflow", "{4AE10D05-DD3E-F48E-F17B-B26EA748633E}"
EndProject
Project("{FAE04EC0-301F-11D3-BF4B-00C04F79EFBC}") = "Evidata.Modules.Workflow", "src\Modules\Workflow\Evidata.Modules.Workflow.csproj", "{70AE8C5E-F32F-43C5-A376-52399F0082D7}"
EndProject
Project("{2150E333-8FDC-42A3-9474-1A3956D46DE8}") = "GapManagement", "GapManagement", "{8404C75D-7182-2105-FD55-6584E5C982B2}"
EndProject
Project("{FAE04EC0-301F-11D3-BF4B-00C04F79EFBC}") = "Evidata.Modules.GapManagement", "src\Modules\GapManagement\Evidata.Modules.GapManagement.csproj", "{0AC24420-EDB2-4A7A-A096-E9E7AD700A86}"
EndProject
Project("{2150E333-8FDC-42A3-9474-1A3956D46DE8}") = "Reporting", "Reporting", "{738763F7-68AC-12DE-A386-1ED9BDE12CF2}"
EndProject
Project("{FAE04EC0-301F-11D3-BF4B-00C04F79EFBC}") = "Evidata.Modules.Reporting", "src\Modules\Reporting\Evidata.Modules.Reporting.csproj", "{02EA7FE8-6907-4B43-AE80-9155E4646C11}"
EndProject
Project("{2150E333-8FDC-42A3-9474-1A3956D46DE8}") = "Search", "Search", "{6E7B6FB6-1E98-6448-75A1-2A21B50F43BA}"
EndProject
Project("{FAE04EC0-301F-11D3-BF4B-00C04F79EFBC}") = "Evidata.Modules.Search", "src\Modules\Search\Evidata.Modules.Search.csproj", "{C752F209-D274-4F4B-9A4F-4AAA40FE4F9D}"
EndProject
Project("{2150E333-8FDC-42A3-9474-1A3956D46DE8}") = "Mcp", "Mcp", "{4FE13039-7D07-0363-0948-646C57A2645F}"
EndProject
Project("{FAE04EC0-301F-11D3-BF4B-00C04F79EFBC}") = "Evidata.Modules.Mcp", "src\Modules\Mcp\Evidata.Modules.Mcp.csproj", "{6D6F02B4-6CB6-48BA-ABE4-A4C872223671}"
EndProject
Project("{2150E333-8FDC-42A3-9474-1A3956D46DE8}") = "Audit", "Audit", "{B7504168-2F66-9EF4-E8D7-36B98062A6F8}"
EndProject
Project("{FAE04EC0-301F-11D3-BF4B-00C04F79EFBC}") = "Evidata.Modules.Audit", "src\Modules\Audit\Evidata.Modules.Audit.csproj", "{E33FCDA4-B686-4623-84B5-479E515B0525}"
EndProject
Project("{2150E333-8FDC-42A3-9474-1A3956D46DE8}") = "tests", "tests", "{0AB3BF05-4346-4AA6-1389-037BE0695223}"
EndProject
Project("{FAE04EC0-301F-11D3-BF4B-00C04F79EFBC}") = "Evidata.Tests.Unit", "tests\Evidata.Tests.Unit\Evidata.Tests.Unit.csproj", "{3EB5CA29-E399-4B44-90FC-BB1EBD4A8A12}"
EndProject
Project("{FAE04EC0-301F-11D3-BF4B-00C04F79EFBC}") = "Evidata.Tests.Integration", "tests\Evidata.Tests.Integration\Evidata.Tests.Integration.csproj", "{1BD4ECF8-E9FC-4D85-9151-6AB0CC959F2C}"
EndProject
Project("{2150E333-8FDC-42A3-9474-1A3956D46DE8}") = "functions", "functions", "{46899413-A1AD-7709-F42F-DC74916C2577}"
EndProject
Project("{FAE04EC0-301F-11D3-BF4B-00C04F79EFBC}") = "Evidata.Functions.DocumentProcessing", "functions\Evidata.Functions.DocumentProcessing\Evidata.Functions.DocumentProcessing.csproj", "{94C67085-7414-4A62-BCC1-5F3690D4370F}"
EndProject
Project("{FAE04EC0-301F-11D3-BF4B-00C04F79EFBC}") = "Evidata.Functions.Reporting", "functions\Evidata.Functions.Reporting\Evidata.Functions.Reporting.csproj", "{F51FA92F-0DB3-4441-9096-2ACDCF125A60}"
EndProject
Project("{FAE04EC0-301F-11D3-BF4B-00C04F79EFBC}") = "Evidata.Functions.Notifications", "functions\Evidata.Functions.Notifications\Evidata.Functions.Notifications.csproj", "{17AA5F8D-22B9-4E7C-99C7-9B601E967C92}"
EndProject
Project("{FAE04EC0-301F-11D3-BF4B-00C04F79EFBC}") = "Evidata.Functions.SearchIndexing", "functions\Evidata.Functions.SearchIndexing\Evidata.Functions.SearchIndexing.csproj", "{5178367C-2B9F-4700-8AB4-B36A8FE42C54}"
EndProject
Project("{FAE04EC0-301F-11D3-BF4B-00C04F79EFBC}") = "Evidata.Functions.Maintenance", "functions\Evidata.Functions.Maintenance\Evidata.Functions.Maintenance.csproj", "{402D02FD-E107-4136-B756-8D240C44C96C}"
EndProject
Project("{FAE04EC0-301F-11D3-BF4B-00C04F79EFBC}") = "Evidata.Functions.McpBatch", "functions\Evidata.Functions.McpBatch\Evidata.Functions.McpBatch.csproj", "{71102637-0464-41E4-BE71-C8D47B621865}"
EndProject
Global
	GlobalSection(SolutionConfigurationPlatforms) = preSolution
		Debug|Any CPU = Debug|Any CPU
		Debug|x64 = Debug|x64
		Debug|x86 = Debug|x86
		Release|Any CPU = Release|Any CPU
		Release|x64 = Release|x64
		Release|x86 = Release|x86
	EndGlobalSection
	GlobalSection(ProjectConfigurationPlatforms) = postSolution
		{6534699B-420F-4B94-AF74-FAC172ACDAB9}.Debug|Any CPU.ActiveCfg = Debug|Any CPU
		{6534699B-420F-4B94-AF74-FAC172ACDAB9}.Debug|Any CPU.Build.0 = Debug|Any CPU
		{6534699B-420F-4B94-AF74-FAC172ACDAB9}.Debug|x64.ActiveCfg = Debug|Any CPU
		{6534699B-420F-4B94-AF74-FAC172ACDAB9}.Debug|x64.Build.0 = Debug|Any CPU
		{6534699B-420F-4B94-AF74-FAC172ACDAB9}.Debug|x86.ActiveCfg = Debug|Any CPU
		{6534699B-420F-4B94-AF74-FAC172ACDAB9}.Debug|x86.Build.0 = Debug|Any CPU
		{6534699B-420F-4B94-AF74-FAC172ACDAB9}.Release|Any CPU.ActiveCfg = Release|Any CPU
		{6534699B-420F-4B94-AF74-FAC172ACDAB9}.Release|Any CPU.Build.0 = Release|Any CPU
		{6534699B-420F-4B94-AF74-FAC172ACDAB9}.Release|x64.ActiveCfg = Release|Any CPU
		{6534699B-420F-4B94-AF74-FAC172ACDAB9}.Release|x64.Build.0 = Release|Any CPU
		{6534699B-420F-4B94-AF74-FAC172ACDAB9}.Release|x86.ActiveCfg = Release|Any CPU
		{6534699B-420F-4B94-AF74-FAC172ACDAB9}.Release|x86.Build.0 = Release|Any CPU
		{DB7AA602-83F4-4F08-B3EE-E7757B85B42D}.Debug|Any CPU.ActiveCfg = Debug|Any CPU
		{DB7AA602-83F4-4F08-B3EE-E7757B85B42D}.Debug|Any CPU.Build.0 = Debug|Any CPU
		{DB7AA602-83F4-4F08-B3EE-E7757B85B42D}.Debug|x64.ActiveCfg = Debug|Any CPU
		{DB7AA602-83F4-4F08-B3EE-E7757B85B42D}.Debug|x64.Build.0 = Debug|Any CPU
		{DB7AA602-83F4-4F08-B3EE-E7757B85B42D}.Debug|x86.ActiveCfg = Debug|Any CPU
		{DB7AA602-83F4-4F08-B3EE-E7757B85B42D}.Debug|x86.Build.0 = Debug|Any CPU
		{DB7AA602-83F4-4F08-B3EE-E7757B85B42D}.Release|Any CPU.ActiveCfg = Release|Any CPU
		{DB7AA602-83F4-4F08-B3EE-E7757B85B42D}.Release|Any CPU.Build.0 = Release|Any CPU
		{DB7AA602-83F4-4F08-B3EE-E7757B85B42D}.Release|x64.ActiveCfg = Release|Any CPU
		{DB7AA602-83F4-4F08-B3EE-E7757B85B42D}.Release|x64.Build.0 = Release|Any CPU
		{DB7AA602-83F4-4F08-B3EE-E7757B85B42D}.Release|x86.ActiveCfg = Release|Any CPU
		{DB7AA602-83F4-4F08-B3EE-E7757B85B42D}.Release|x86.Build.0 = Release|Any CPU
		{ACEF8050-D5F4-453B-81F9-AA0246C9CED6}.Debug|Any CPU.ActiveCfg = Debug|Any CPU
		{ACEF8050-D5F4-453B-81F9-AA0246C9CED6}.Debug|Any CPU.Build.0 = Debug|Any CPU
		{ACEF8050-D5F4-453B-81F9-AA0246C9CED6}.Debug|x64.ActiveCfg = Debug|Any CPU
		{ACEF8050-D5F4-453B-81F9-AA0246C9CED6}.Debug|x64.Build.0 = Debug|Any CPU
		{ACEF8050-D5F4-453B-81F9-AA0246C9CED6}.Debug|x86.ActiveCfg = Debug|Any CPU
		{ACEF8050-D5F4-453B-81F9-AA0246C9CED6}.Debug|x86.Build.0 = Debug|Any CPU
		{ACEF8050-D5F4-453B-81F9-AA0246C9CED6}.Release|Any CPU.ActiveCfg = Release|Any CPU
		{ACEF8050-D5F4-453B-81F9-AA0246C9CED6}.Release|Any CPU.Build.0 = Release|Any CPU
		{ACEF8050-D5F4-453B-81F9-AA0246C9CED6}.Release|x64.ActiveCfg = Release|Any CPU
		{ACEF8050-D5F4-453B-81F9-AA0246C9CED6}.Release|x64.Build.0 = Release|Any CPU
		{ACEF8050-D5F4-453B-81F9-AA0246C9CED6}.Release|x86.ActiveCfg = Release|Any CPU
		{ACEF8050-D5F4-453B-81F9-AA0246C9CED6}.Release|x86.Build.0 = Release|Any CPU
		{B95B3708-541B-45B9-AF28-E29834692258}.Debug|Any CPU.ActiveCfg = Debug|Any CPU
		{B95B3708-541B-45B9-AF28-E29834692258}.Debug|Any CPU.Build.0 = Debug|Any CPU
		{B95B3708-541B-45B9-AF28-E29834692258}.Debug|x64.ActiveCfg = Debug|Any CPU
		{B95B3708-541B-45B9-AF28-E29834692258}.Debug|x64.Build.0 = Debug|Any CPU
		{B95B3708-541B-45B9-AF28-E29834692258}.Debug|x86.ActiveCfg = Debug|Any CPU
		{B95B3708-541B-45B9-AF28-E29834692258}.Debug|x86.Build.0 = Debug|Any CPU
		{B95B3708-541B-45B9-AF28-E29834692258}.Release|Any CPU.ActiveCfg = Release|Any CPU
		{B95B3708-541B-45B9-AF28-E29834692258}.Release|Any CPU.Build.0 = Release|Any CPU
		{B95B3708-541B-45B9-AF28-E29834692258}.Release|x64.ActiveCfg = Release|Any CPU
		{B95B3708-541B-45B9-AF28-E29834692258}.Release|x64.Build.0 = Release|Any CPU
		{B95B3708-541B-45B9-AF28-E29834692258}.Release|x86.ActiveCfg = Release|Any CPU
		{B95B3708-541B-45B9-AF28-E29834692258}.Release|x86.Build.0 = Release|Any CPU
		{61936AA2-20CD-4A4E-921C-89647542F59A}.Debug|Any CPU.ActiveCfg = Debug|Any CPU
		{61936AA2-20CD-4A4E-921C-89647542F59A}.Debug|Any CPU.Build.0 = Debug|Any CPU
		{61936AA2-20CD-4A4E-921C-89647542F59A}.Debug|x64.ActiveCfg = Debug|Any CPU
		{61936AA2-20CD-4A4E-921C-89647542F59A}.Debug|x64.Build.0 = Debug|Any CPU
		{61936AA2-20CD-4A4E-921C-89647542F59A}.Debug|x86.ActiveCfg = Debug|Any CPU
		{61936AA2-20CD-4A4E-921C-89647542F59A}.Debug|x86.Build.0 = Debug|Any CPU
		{61936AA2-20CD-4A4E-921C-89647542F59A}.Release|Any CPU.ActiveCfg = Release|Any CPU
		{61936AA2-20CD-4A4E-921C-89647542F59A}.Release|Any CPU.Build.0 = Release|Any CPU
		{61936AA2-20CD-4A4E-921C-89647542F59A}.Release|x64.ActiveCfg = Release|Any CPU
		{61936AA2-20CD-4A4E-921C-89647542F59A}.Release|x64.Build.0 = Release|Any CPU
		{61936AA2-20CD-4A4E-921C-89647542F59A}.Release|x86.ActiveCfg = Release|Any CPU
		{61936AA2-20CD-4A4E-921C-89647542F59A}.Release|x86.Build.0 = Release|Any CPU
		{D076B06C-48C8-4BF7-A1E7-F4C0FEC710CF}.Debug|Any CPU.ActiveCfg = Debug|Any CPU
		{D076B06C-48C8-4BF7-A1E7-F4C0FEC710CF}.Debug|Any CPU.Build.0 = Debug|Any CPU
		{D076B06C-48C8-4BF7-A1E7-F4C0FEC710CF}.Debug|x64.ActiveCfg = Debug|Any CPU
		{D076B06C-48C8-4BF7-A1E7-F4C0FEC710CF}.Debug|x64.Build.0 = Debug|Any CPU
		{D076B06C-48C8-4BF7-A1E7-F4C0FEC710CF}.Debug|x86.ActiveCfg = Debug|Any CPU
		{D076B06C-48C8-4BF7-A1E7-F4C0FEC710CF}.Debug|x86.Build.0 = Debug|Any CPU
		{D076B06C-48C8-4BF7-A1E7-F4C0FEC710CF}.Release|Any CPU.ActiveCfg = Release|Any CPU
		{D076B06C-48C8-4BF7-A1E7-F4C0FEC710CF}.Release|Any CPU.Build.0 = Release|Any CPU
		{D076B06C-48C8-4BF7-A1E7-F4C0FEC710CF}.Release|x64.ActiveCfg = Release|Any CPU
		{D076B06C-48C8-4BF7-A1E7-F4C0FEC710CF}.Release|x64.Build.0 = Release|Any CPU
		{D076B06C-48C8-4BF7-A1E7-F4C0FEC710CF}.Release|x86.ActiveCfg = Release|Any CPU
		{D076B06C-48C8-4BF7-A1E7-F4C0FEC710CF}.Release|x86.Build.0 = Release|Any CPU
		{12F2C5D9-FA0D-4C32-8DA0-9AE8CF94A361}.Debug|Any CPU.ActiveCfg = Debug|Any CPU
		{12F2C5D9-FA0D-4C32-8DA0-9AE8CF94A361}.Debug|Any CPU.Build.0 = Debug|Any CPU
		{12F2C5D9-FA0D-4C32-8DA0-9AE8CF94A361}.Debug|x64.ActiveCfg = Debug|Any CPU
		{12F2C5D9-FA0D-4C32-8DA0-9AE8CF94A361}.Debug|x64.Build.0 = Debug|Any CPU
		{12F2C5D9-FA0D-4C32-8DA0-9AE8CF94A361}.Debug|x86.ActiveCfg = Debug|Any CPU
		{12F2C5D9-FA0D-4C32-8DA0-9AE8CF94A361}.Debug|x86.Build.0 = Debug|Any CPU
		{12F2C5D9-FA0D-4C32-8DA0-9AE8CF94A361}.Release|Any CPU.ActiveCfg = Release|Any CPU
		{12F2C5D9-FA0D-4C32-8DA0-9AE8CF94A361}.Release|Any CPU.Build.0 = Release|Any CPU
		{12F2C5D9-FA0D-4C32-8DA0-9AE8CF94A361}.Release|x64.ActiveCfg = Release|Any CPU
		{12F2C5D9-FA0D-4C32-8DA0-9AE8CF94A361}.Release|x64.Build.0 = Release|Any CPU
		{12F2C5D9-FA0D-4C32-8DA0-9AE8CF94A361}.Release|x86.ActiveCfg = Release|Any CPU
		{12F2C5D9-FA0D-4C32-8DA0-9AE8CF94A361}.Release|x86.Build.0 = Release|Any CPU
		{53385AAF-A9EF-432F-8D50-392BD7E48427}.Debug|Any CPU.ActiveCfg = Debug|Any CPU
		{53385AAF-A9EF-432F-8D50-392BD7E48427}.Debug|Any CPU.Build.0 = Debug|Any CPU
		{53385AAF-A9EF-432F-8D50-392BD7E48427}.Debug|x64.ActiveCfg = Debug|Any CPU
		{53385AAF-A9EF-432F-8D50-392BD7E48427}.Debug|x64.Build.0 = Debug|Any CPU
		{53385AAF-A9EF-432F-8D50-392BD7E48427}.Debug|x86.ActiveCfg = Debug|Any CPU
		{53385AAF-A9EF-432F-8D50-392BD7E48427}.Debug|x86.Build.0 = Debug|Any CPU
		{53385AAF-A9EF-432F-8D50-392BD7E48427}.Release|Any CPU.ActiveCfg = Release|Any CPU
		{53385AAF-A9EF-432F-8D50-392BD7E48427}.Release|Any CPU.Build.0 = Release|Any CPU
		{53385AAF-A9EF-432F-8D50-392BD7E48427}.Release|x64.ActiveCfg = Release|Any CPU
		{53385AAF-A9EF-432F-8D50-392BD7E48427}.Release|x64.Build.0 = Release|Any CPU
		{53385AAF-A9EF-432F-8D50-392BD7E48427}.Release|x86.ActiveCfg = Release|Any CPU
		{53385AAF-A9EF-432F-8D50-392BD7E48427}.Release|x86.Build.0 = Release|Any CPU
		{D4FF22DC-290B-425E-A20E-26C955EA62C1}.Debug|Any CPU.ActiveCfg = Debug|Any CPU
		{D4FF22DC-290B-425E-A20E-26C955EA62C1}.Debug|Any CPU.Build.0 = Debug|Any CPU
		{D4FF22DC-290B-425E-A20E-26C955EA62C1}.Debug|x64.ActiveCfg = Debug|Any CPU
		{D4FF22DC-290B-425E-A20E-26C955EA62C1}.Debug|x64.Build.0 = Debug|Any CPU
		{D4FF22DC-290B-425E-A20E-26C955EA62C1}.Debug|x86.ActiveCfg = Debug|Any CPU
		{D4FF22DC-290B-425E-A20E-26C955EA62C1}.Debug|x86.Build.0 = Debug|Any CPU
		{D4FF22DC-290B-425E-A20E-26C955EA62C1}.Release|Any CPU.ActiveCfg = Release|Any CPU
		{D4FF22DC-290B-425E-A20E-26C955EA62C1}.Release|Any CPU.Build.0 = Release|Any CPU
		{D4FF22DC-290B-425E-A20E-26C955EA62C1}.Release|x64.ActiveCfg = Release|Any CPU
		{D4FF22DC-290B-425E-A20E-26C955EA62C1}.Release|x64.Build.0 = Release|Any CPU
		{D4FF22DC-290B-425E-A20E-26C955EA62C1}.Release|x86.ActiveCfg = Release|Any CPU
		{D4FF22DC-290B-425E-A20E-26C955EA62C1}.Release|x86.Build.0 = Release|Any CPU
		{193C590D-5110-4EAB-893F-CE6DE74DA349}.Debug|Any CPU.ActiveCfg = Debug|Any CPU
		{193C590D-5110-4EAB-893F-CE6DE74DA349}.Debug|Any CPU.Build.0 = Debug|Any CPU
		{193C590D-5110-4EAB-893F-CE6DE74DA349}.Debug|x64.ActiveCfg = Debug|Any CPU
		{193C590D-5110-4EAB-893F-CE6DE74DA349}.Debug|x64.Build.0 = Debug|Any CPU
		{193C590D-5110-4EAB-893F-CE6DE74DA349}.Debug|x86.ActiveCfg = Debug|Any CPU
		{193C590D-5110-4EAB-893F-CE6DE74DA349}.Debug|x86.Build.0 = Debug|Any CPU
		{193C590D-5110-4EAB-893F-CE6DE74DA349}.Release|Any CPU.ActiveCfg = Release|Any CPU
		{193C590D-5110-4EAB-893F-CE6DE74DA349}.Release|Any CPU.Build.0 = Release|Any CPU
		{193C590D-5110-4EAB-893F-CE6DE74DA349}.Release|x64.ActiveCfg = Release|Any CPU
		{193C590D-5110-4EAB-893F-CE6DE74DA349}.Release|x64.Build.0 = Release|Any CPU
		{193C590D-5110-4EAB-893F-CE6DE74DA349}.Release|x86.ActiveCfg = Release|Any CPU
		{193C590D-5110-4EAB-893F-CE6DE74DA349}.Release|x86.Build.0 = Release|Any CPU
		{89D58249-237F-4C18-BDA5-58523AF5AD2D}.Debug|Any CPU.ActiveCfg = Debug|Any CPU
		{89D58249-237F-4C18-BDA5-58523AF5AD2D}.Debug|Any CPU.Build.0 = Debug|Any CPU
		{89D58249-237F-4C18-BDA5-58523AF5AD2D}.Debug|x64.ActiveCfg = Debug|Any CPU
		{89D58249-237F-4C18-BDA5-58523AF5AD2D}.Debug|x64.Build.0 = Debug|Any CPU
		{89D58249-237F-4C18-BDA5-58523AF5AD2D}.Debug|x86.ActiveCfg = Debug|Any CPU
		{89D58249-237F-4C18-BDA5-58523AF5AD2D}.Debug|x86.Build.0 = Debug|Any CPU
		{89D58249-237F-4C18-BDA5-58523AF5AD2D}.Release|Any CPU.ActiveCfg = Release|Any CPU
		{89D58249-237F-4C18-BDA5-58523AF5AD2D}.Release|Any CPU.Build.0 = Release|Any CPU
		{89D58249-237F-4C18-BDA5-58523AF5AD2D}.Release|x64.ActiveCfg = Release|Any CPU
		{89D58249-237F-4C18-BDA5-58523AF5AD2D}.Release|x64.Build.0 = Release|Any CPU
		{89D58249-237F-4C18-BDA5-58523AF5AD2D}.Release|x86.ActiveCfg = Release|Any CPU
		{89D58249-237F-4C18-BDA5-58523AF5AD2D}.Release|x86.Build.0 = Release|Any CPU
		{70AE8C5E-F32F-43C5-A376-52399F0082D7}.Debug|Any CPU.ActiveCfg = Debug|Any CPU
		{70AE8C5E-F32F-43C5-A376-52399F0082D7}.Debug|Any CPU.Build.0 = Debug|Any CPU
		{70AE8C5E-F32F-43C5-A376-52399F0082D7}.Debug|x64.ActiveCfg = Debug|Any CPU
		{70AE8C5E-F32F-43C5-A376-52399F0082D7}.Debug|x64.Build.0 = Debug|Any CPU
		{70AE8C5E-F32F-43C5-A376-52399F0082D7}.Debug|x86.ActiveCfg = Debug|Any CPU
		{70AE8C5E-F32F-43C5-A376-52399F0082D7}.Debug|x86.Build.0 = Debug|Any CPU
		{70AE8C5E-F32F-43C5-A376-52399F0082D7}.Release|Any CPU.ActiveCfg = Release|Any CPU
		{70AE8C5E-F32F-43C5-A376-52399F0082D7}.Release|Any CPU.Build.0 = Release|Any CPU
		{70AE8C5E-F32F-43C5-A376-52399F0082D7}.Release|x64.ActiveCfg = Release|Any CPU
		{70AE8C5E-F32F-43C5-A376-52399F0082D7}.Release|x64.Build.0 = Release|Any CPU
		{70AE8C5E-F32F-43C5-A376-52399F0082D7}.Release|x86.ActiveCfg = Release|Any CPU
		{70AE8C5E-F32F-43C5-A376-52399F0082D7}.Release|x86.Build.0 = Release|Any CPU
		{0AC24420-EDB2-4A7A-A096-E9E7AD700A86}.Debug|Any CPU.ActiveCfg = Debug|Any CPU
		{0AC24420-EDB2-4A7A-A096-E9E7AD700A86}.Debug|Any CPU.Build.0 = Debug|Any CPU
		{0AC24420-EDB2-4A7A-A096-E9E7AD700A86}.Debug|x64.ActiveCfg = Debug|Any CPU
		{0AC24420-EDB2-4A7A-A096-E9E7AD700A86}.Debug|x64.Build.0 = Debug|Any CPU
		{0AC24420-EDB2-4A7A-A096-E9E7AD700A86}.Debug|x86.ActiveCfg = Debug|Any CPU
		{0AC24420-EDB2-4A7A-A096-E9E7AD700A86}.Debug|x86.Build.0 = Debug|Any CPU
		{0AC24420-EDB2-4A7A-A096-E9E7AD700A86}.Release|Any CPU.ActiveCfg = Release|Any CPU
		{0AC24420-EDB2-4A7A-A096-E9E7AD700A86}.Release|Any CPU.Build.0 = Release|Any CPU
		{0AC24420-EDB2-4A7A-A096-E9E7AD700A86}.Release|x64.ActiveCfg = Release|Any CPU
		{0AC24420-EDB2-4A7A-A096-E9E7AD700A86}.Release|x64.Build.0 = Release|Any CPU
		{0AC24420-EDB2-4A7A-A096-E9E7AD700A86}.Release|x86.ActiveCfg = Release|Any CPU
		{0AC24420-EDB2-4A7A-A096-E9E7AD700A86}.Release|x86.Build.0 = Release|Any CPU
		{02EA7FE8-6907-4B43-AE80-9155E4646C11}.Debug|Any CPU.ActiveCfg = Debug|Any CPU
		{02EA7FE8-6907-4B43-AE80-9155E4646C11}.Debug|Any CPU.Build.0 = Debug|Any CPU
		{02EA7FE8-6907-4B43-AE80-9155E4646C11}.Debug|x64.ActiveCfg = Debug|Any CPU
		{02EA7FE8-6907-4B43-AE80-9155E4646C11}.Debug|x64.Build.0 = Debug|Any CPU
		{02EA7FE8-6907-4B43-AE80-9155E4646C11}.Debug|x86.ActiveCfg = Debug|Any CPU
		{02EA7FE8-6907-4B43-AE80-9155E4646C11}.Debug|x86.Build.0 = Debug|Any CPU
		{02EA7FE8-6907-4B43-AE80-9155E4646C11}.Release|Any CPU.ActiveCfg = Release|Any CPU
		{02EA7FE8-6907-4B43-AE80-9155E4646C11}.Release|Any CPU.Build.0 = Release|Any CPU
		{02EA7FE8-6907-4B43-AE80-9155E4646C11}.Release|x64.ActiveCfg = Release|Any CPU
		{02EA7FE8-6907-4B43-AE80-9155E4646C11}.Release|x64.Build.0 = Release|Any CPU
		{02EA7FE8-6907-4B43-AE80-9155E4646C11}.Release|x86.ActiveCfg = Release|Any CPU
		{02EA7FE8-6907-4B43-AE80-9155E4646C11}.Release|x86.Build.0 = Release|Any CPU
		{C752F209-D274-4F4B-9A4F-4AAA40FE4F9D}.Debug|Any CPU.ActiveCfg = Debug|Any CPU
		{C752F209-D274-4F4B-9A4F-4AAA40FE4F9D}.Debug|Any CPU.Build.0 = Debug|Any CPU
		{C752F209-D274-4F4B-9A4F-4AAA40FE4F9D}.Debug|x64.ActiveCfg = Debug|Any CPU
		{C752F209-D274-4F4B-9A4F-4AAA40FE4F9D}.Debug|x64.Build.0 = Debug|Any CPU
		{C752F209-D274-4F4B-9A4F-4AAA40FE4F9D}.Debug|x86.ActiveCfg = Debug|Any CPU
		{C752F209-D274-4F4B-9A4F-4AAA40FE4F9D}.Debug|x86.Build.0 = Debug|Any CPU
		{C752F209-D274-4F4B-9A4F-4AAA40FE4F9D}.Release|Any CPU.ActiveCfg = Release|Any CPU
		{C752F209-D274-4F4B-9A4F-4AAA40FE4F9D}.Release|Any CPU.Build.0 = Release|Any CPU
		{C752F209-D274-4F4B-9A4F-4AAA40FE4F9D}.Release|x64.ActiveCfg = Release|Any CPU
		{C752F209-D274-4F4B-9A4F-4AAA40FE4F9D}.Release|x64.Build.0 = Release|Any CPU
		{C752F209-D274-4F4B-9A4F-4AAA40FE4F9D}.Release|x86.ActiveCfg = Release|Any CPU
		{C752F209-D274-4F4B-9A4F-4AAA40FE4F9D}.Release|x86.Build.0 = Release|Any CPU
		{6D6F02B4-6CB6-48BA-ABE4-A4C872223671}.Debug|Any CPU.ActiveCfg = Debug|Any CPU
		{6D6F02B4-6CB6-48BA-ABE4-A4C872223671}.Debug|Any CPU.Build.0 = Debug|Any CPU
		{6D6F02B4-6CB6-48BA-ABE4-A4C872223671}.Debug|x64.ActiveCfg = Debug|Any CPU
		{6D6F02B4-6CB6-48BA-ABE4-A4C872223671}.Debug|x64.Build.0 = Debug|Any CPU
		{6D6F02B4-6CB6-48BA-ABE4-A4C872223671}.Debug|x86.ActiveCfg = Debug|Any CPU
		{6D6F02B4-6CB6-48BA-ABE4-A4C872223671}.Debug|x86.Build.0 = Debug|Any CPU
		{6D6F02B4-6CB6-48BA-ABE4-A4C872223671}.Release|Any CPU.ActiveCfg = Release|Any CPU
		{6D6F02B4-6CB6-48BA-ABE4-A4C872223671}.Release|Any CPU.Build.0 = Release|Any CPU
		{6D6F02B4-6CB6-48BA-ABE4-A4C872223671}.Release|x64.ActiveCfg = Release|Any CPU
		{6D6F02B4-6CB6-48BA-ABE4-A4C872223671}.Release|x64.Build.0 = Release|Any CPU
		{6D6F02B4-6CB6-48BA-ABE4-A4C872223671}.Release|x86.ActiveCfg = Release|Any CPU
		{6D6F02B4-6CB6-48BA-ABE4-A4C872223671}.Release|x86.Build.0 = Release|Any CPU
		{E33FCDA4-B686-4623-84B5-479E515B0525}.Debug|Any CPU.ActiveCfg = Debug|Any CPU
		{E33FCDA4-B686-4623-84B5-479E515B0525}.Debug|Any CPU.Build.0 = Debug|Any CPU
		{E33FCDA4-B686-4623-84B5-479E515B0525}.Debug|x64.ActiveCfg = Debug|Any CPU
		{E33FCDA4-B686-4623-84B5-479E515B0525}.Debug|x64.Build.0 = Debug|Any CPU
		{E33FCDA4-B686-4623-84B5-479E515B0525}.Debug|x86.ActiveCfg = Debug|Any CPU
		{E33FCDA4-B686-4623-84B5-479E515B0525}.Debug|x86.Build.0 = Debug|Any CPU
		{E33FCDA4-B686-4623-84B5-479E515B0525}.Release|Any CPU.ActiveCfg = Release|Any CPU
		{E33FCDA4-B686-4623-84B5-479E515B0525}.Release|Any CPU.Build.0 = Release|Any CPU
		{E33FCDA4-B686-4623-84B5-479E515B0525}.Release|x64.ActiveCfg = Release|Any CPU
		{E33FCDA4-B686-4623-84B5-479E515B0525}.Release|x64.Build.0 = Release|Any CPU
		{E33FCDA4-B686-4623-84B5-479E515B0525}.Release|x86.ActiveCfg = Release|Any CPU
		{E33FCDA4-B686-4623-84B5-479E515B0525}.Release|x86.Build.0 = Release|Any CPU
		{3EB5CA29-E399-4B44-90FC-BB1EBD4A8A12}.Debug|Any CPU.ActiveCfg = Debug|Any CPU
		{3EB5CA29-E399-4B44-90FC-BB1EBD4A8A12}.Debug|Any CPU.Build.0 = Debug|Any CPU
		{3EB5CA29-E399-4B44-90FC-BB1EBD4A8A12}.Debug|x64.ActiveCfg = Debug|Any CPU
		{3EB5CA29-E399-4B44-90FC-BB1EBD4A8A12}.Debug|x64.Build.0 = Debug|Any CPU
		{3EB5CA29-E399-4B44-90FC-BB1EBD4A8A12}.Debug|x86.ActiveCfg = Debug|Any CPU
		{3EB5CA29-E399-4B44-90FC-BB1EBD4A8A12}.Debug|x86.Build.0 = Debug|Any CPU
		{3EB5CA29-E399-4B44-90FC-BB1EBD4A8A12}.Release|Any CPU.ActiveCfg = Release|Any CPU
		{3EB5CA29-E399-4B44-90FC-BB1EBD4A8A12}.Release|Any CPU.Build.0 = Release|Any CPU
		{3EB5CA29-E399-4B44-90FC-BB1EBD4A8A12}.Release|x64.ActiveCfg = Release|Any CPU
		{3EB5CA29-E399-4B44-90FC-BB1EBD4A8A12}.Release|x64.Build.0 = Release|Any CPU
		{3EB5CA29-E399-4B44-90FC-BB1EBD4A8A12}.Release|x86.ActiveCfg = Release|Any CPU
		{3EB5CA29-E399-4B44-90FC-BB1EBD4A8A12}.Release|x86.Build.0 = Release|Any CPU
		{1BD4ECF8-E9FC-4D85-9151-6AB0CC959F2C}.Debug|Any CPU.ActiveCfg = Debug|Any CPU
		{1BD4ECF8-E9FC-4D85-9151-6AB0CC959F2C}.Debug|Any CPU.Build.0 = Debug|Any CPU
		{1BD4ECF8-E9FC-4D85-9151-6AB0CC959F2C}.Debug|x64.ActiveCfg = Debug|Any CPU
		{1BD4ECF8-E9FC-4D85-9151-6AB0CC959F2C}.Debug|x64.Build.0 = Debug|Any CPU
		{1BD4ECF8-E9FC-4D85-9151-6AB0CC959F2C}.Debug|x86.ActiveCfg = Debug|Any CPU
		{1BD4ECF8-E9FC-4D85-9151-6AB0CC959F2C}.Debug|x86.Build.0 = Debug|Any CPU
		{1BD4ECF8-E9FC-4D85-9151-6AB0CC959F2C}.Release|Any CPU.ActiveCfg = Release|Any CPU
		{1BD4ECF8-E9FC-4D85-9151-6AB0CC959F2C}.Release|Any CPU.Build.0 = Release|Any CPU
		{1BD4ECF8-E9FC-4D85-9151-6AB0CC959F2C}.Release|x64.ActiveCfg = Release|Any CPU
		{1BD4ECF8-E9FC-4D85-9151-6AB0CC959F2C}.Release|x64.Build.0 = Release|Any CPU
		{1BD4ECF8-E9FC-4D85-9151-6AB0CC959F2C}.Release|x86.ActiveCfg = Release|Any CPU
		{1BD4ECF8-E9FC-4D85-9151-6AB0CC959F2C}.Release|x86.Build.0 = Release|Any CPU
		{94C67085-7414-4A62-BCC1-5F3690D4370F}.Debug|Any CPU.ActiveCfg = Debug|Any CPU
		{94C67085-7414-4A62-BCC1-5F3690D4370F}.Debug|Any CPU.Build.0 = Debug|Any CPU
		{94C67085-7414-4A62-BCC1-5F3690D4370F}.Debug|x64.ActiveCfg = Debug|Any CPU
		{94C67085-7414-4A62-BCC1-5F3690D4370F}.Debug|x64.Build.0 = Debug|Any CPU
		{94C67085-7414-4A62-BCC1-5F3690D4370F}.Debug|x86.ActiveCfg = Debug|Any CPU
		{94C67085-7414-4A62-BCC1-5F3690D4370F}.Debug|x86.Build.0 = Debug|Any CPU
		{94C67085-7414-4A62-BCC1-5F3690D4370F}.Release|Any CPU.ActiveCfg = Release|Any CPU
		{94C67085-7414-4A62-BCC1-5F3690D4370F}.Release|Any CPU.Build.0 = Release|Any CPU
		{94C67085-7414-4A62-BCC1-5F3690D4370F}.Release|x64.ActiveCfg = Release|Any CPU
		{94C67085-7414-4A62-BCC1-5F3690D4370F}.Release|x64.Build.0 = Release|Any CPU
		{94C67085-7414-4A62-BCC1-5F3690D4370F}.Release|x86.ActiveCfg = Release|Any CPU
		{94C67085-7414-4A62-BCC1-5F3690D4370F}.Release|x86.Build.0 = Release|Any CPU
		{F51FA92F-0DB3-4441-9096-2ACDCF125A60}.Debug|Any CPU.ActiveCfg = Debug|Any CPU
		{F51FA92F-0DB3-4441-9096-2ACDCF125A60}.Debug|Any CPU.Build.0 = Debug|Any CPU
		{F51FA92F-0DB3-4441-9096-2ACDCF125A60}.Debug|x64.ActiveCfg = Debug|Any CPU
		{F51FA92F-0DB3-4441-9096-2ACDCF125A60}.Debug|x64.Build.0 = Debug|Any CPU
		{F51FA92F-0DB3-4441-9096-2ACDCF125A60}.Debug|x86.ActiveCfg = Debug|Any CPU
		{F51FA92F-0DB3-4441-9096-2ACDCF125A60}.Debug|x86.Build.0 = Debug|Any CPU
		{F51FA92F-0DB3-4441-9096-2ACDCF125A60}.Release|Any CPU.ActiveCfg = Release|Any CPU
		{F51FA92F-0DB3-4441-9096-2ACDCF125A60}.Release|Any CPU.Build.0 = Release|Any CPU
		{F51FA92F-0DB3-4441-9096-2ACDCF125A60}.Release|x64.ActiveCfg = Release|Any CPU
		{F51FA92F-0DB3-4441-9096-2ACDCF125A60}.Release|x64.Build.0 = Release|Any CPU
		{F51FA92F-0DB3-4441-9096-2ACDCF125A60}.Release|x86.ActiveCfg = Release|Any CPU
		{F51FA92F-0DB3-4441-9096-2ACDCF125A60}.Release|x86.Build.0 = Release|Any CPU
		{17AA5F8D-22B9-4E7C-99C7-9B601E967C92}.Debug|Any CPU.ActiveCfg = Debug|Any CPU
		{17AA5F8D-22B9-4E7C-99C7-9B601E967C92}.Debug|Any CPU.Build.0 = Debug|Any CPU
		{17AA5F8D-22B9-4E7C-99C7-9B601E967C92}.Debug|x64.ActiveCfg = Debug|Any CPU
		{17AA5F8D-22B9-4E7C-99C7-9B601E967C92}.Debug|x64.Build.0 = Debug|Any CPU
		{17AA5F8D-22B9-4E7C-99C7-9B601E967C92}.Debug|x86.ActiveCfg = Debug|Any CPU
		{17AA5F8D-22B9-4E7C-99C7-9B601E967C92}.Debug|x86.Build.0 = Debug|Any CPU
		{17AA5F8D-22B9-4E7C-99C7-9B601E967C92}.Release|Any CPU.ActiveCfg = Release|Any CPU
		{17AA5F8D-22B9-4E7C-99C7-9B601E967C92}.Release|Any CPU.Build.0 = Release|Any CPU
		{17AA5F8D-22B9-4E7C-99C7-9B601E967C92}.Release|x64.ActiveCfg = Release|Any CPU
		{17AA5F8D-22B9-4E7C-99C7-9B601E967C92}.Release|x64.Build.0 = Release|Any CPU
		{17AA5F8D-22B9-4E7C-99C7-9B601E967C92}.Release|x86.ActiveCfg = Release|Any CPU
		{17AA5F8D-22B9-4E7C-99C7-9B601E967C92}.Release|x86.Build.0 = Release|Any CPU
		{5178367C-2B9F-4700-8AB4-B36A8FE42C54}.Debug|Any CPU.ActiveCfg = Debug|Any CPU
		{5178367C-2B9F-4700-8AB4-B36A8FE42C54}.Debug|Any CPU.Build.0 = Debug|Any CPU
		{5178367C-2B9F-4700-8AB4-B36A8FE42C54}.Debug|x64.ActiveCfg = Debug|Any CPU
		{5178367C-2B9F-4700-8AB4-B36A8FE42C54}.Debug|x64.Build.0 = Debug|Any CPU
		{5178367C-2B9F-4700-8AB4-B36A8FE42C54}.Debug|x86.ActiveCfg = Debug|Any CPU
		{5178367C-2B9F-4700-8AB4-B36A8FE42C54}.Debug|x86.Build.0 = Debug|Any CPU
		{5178367C-2B9F-4700-8AB4-B36A8FE42C54}.Release|Any CPU.ActiveCfg = Release|Any CPU
		{5178367C-2B9F-4700-8AB4-B36A8FE42C54}.Release|Any CPU.Build.0 = Release|Any CPU
		{5178367C-2B9F-4700-8AB4-B36A8FE42C54}.Release|x64.ActiveCfg = Release|Any CPU
		{5178367C-2B9F-4700-8AB4-B36A8FE42C54}.Release|x64.Build.0 = Release|Any CPU
		{5178367C-2B9F-4700-8AB4-B36A8FE42C54}.Release|x86.ActiveCfg = Release|Any CPU
		{5178367C-2B9F-4700-8AB4-B36A8FE42C54}.Release|x86.Build.0 = Release|Any CPU
		{402D02FD-E107-4136-B756-8D240C44C96C}.Debug|Any CPU.ActiveCfg = Debug|Any CPU
		{402D02FD-E107-4136-B756-8D240C44C96C}.Debug|Any CPU.Build.0 = Debug|Any CPU
		{402D02FD-E107-4136-B756-8D240C44C96C}.Debug|x64.ActiveCfg = Debug|Any CPU
		{402D02FD-E107-4136-B756-8D240C44C96C}.Debug|x64.Build.0 = Debug|Any CPU
		{402D02FD-E107-4136-B756-8D240C44C96C}.Debug|x86.ActiveCfg = Debug|Any CPU
		{402D02FD-E107-4136-B756-8D240C44C96C}.Debug|x86.Build.0 = Debug|Any CPU
		{402D02FD-E107-4136-B756-8D240C44C96C}.Release|Any CPU.ActiveCfg = Release|Any CPU
		{402D02FD-E107-4136-B756-8D240C44C96C}.Release|Any CPU.Build.0 = Release|Any CPU
		{402D02FD-E107-4136-B756-8D240C44C96C}.Release|x64.ActiveCfg = Release|Any CPU
		{402D02FD-E107-4136-B756-8D240C44C96C}.Release|x64.Build.0 = Release|Any CPU
		{402D02FD-E107-4136-B756-8D240C44C96C}.Release|x86.ActiveCfg = Release|Any CPU
		{402D02FD-E107-4136-B756-8D240C44C96C}.Release|x86.Build.0 = Release|Any CPU
		{71102637-0464-41E4-BE71-C8D47B621865}.Debug|Any CPU.ActiveCfg = Debug|Any CPU
		{71102637-0464-41E4-BE71-C8D47B621865}.Debug|Any CPU.Build.0 = Debug|Any CPU
		{71102637-0464-41E4-BE71-C8D47B621865}.Debug|x64.ActiveCfg = Debug|Any CPU
		{71102637-0464-41E4-BE71-C8D47B621865}.Debug|x64.Build.0 = Debug|Any CPU
		{71102637-0464-41E4-BE71-C8D47B621865}.Debug|x86.ActiveCfg = Debug|Any CPU
		{71102637-0464-41E4-BE71-C8D47B621865}.Debug|x86.Build.0 = Debug|Any CPU
		{71102637-0464-41E4-BE71-C8D47B621865}.Release|Any CPU.ActiveCfg = Release|Any CPU
		{71102637-0464-41E4-BE71-C8D47B621865}.Release|Any CPU.Build.0 = Release|Any CPU
		{71102637-0464-41E4-BE71-C8D47B621865}.Release|x64.ActiveCfg = Release|Any CPU
		{71102637-0464-41E4-BE71-C8D47B621865}.Release|x64.Build.0 = Release|Any CPU
		{71102637-0464-41E4-BE71-C8D47B621865}.Release|x86.ActiveCfg = Release|Any CPU
		{71102637-0464-41E4-BE71-C8D47B621865}.Release|x86.Build.0 = Release|Any CPU
	EndGlobalSection
	GlobalSection(SolutionProperties) = preSolution
		HideSolutionNode = FALSE
	EndGlobalSection
	GlobalSection(NestedProjects) = preSolution
		{6534699B-420F-4B94-AF74-FAC172ACDAB9} = {827E0CD3-B72D-47B6-A68D-7590B98EB39B}
		{DB7AA602-83F4-4F08-B3EE-E7757B85B42D} = {827E0CD3-B72D-47B6-A68D-7590B98EB39B}
		{ACEF8050-D5F4-453B-81F9-AA0246C9CED6} = {827E0CD3-B72D-47B6-A68D-7590B98EB39B}
		{B95B3708-541B-45B9-AF28-E29834692258} = {827E0CD3-B72D-47B6-A68D-7590B98EB39B}
		{EC447DCF-ABFA-6E24-52A5-D7FD48A5C558} = {827E0CD3-B72D-47B6-A68D-7590B98EB39B}
		{64ACE2CB-1E89-F4F1-DF59-CB2DF13A6FBF} = {EC447DCF-ABFA-6E24-52A5-D7FD48A5C558}
		{61936AA2-20CD-4A4E-921C-89647542F59A} = {64ACE2CB-1E89-F4F1-DF59-CB2DF13A6FBF}
		{0EC62A1A-9858-3A60-8A0C-FC9AACFA2EC7} = {EC447DCF-ABFA-6E24-52A5-D7FD48A5C558}
		{D076B06C-48C8-4BF7-A1E7-F4C0FEC710CF} = {0EC62A1A-9858-3A60-8A0C-FC9AACFA2EC7}
		{282EE0EF-0719-FA39-321C-A995029F2B89} = {EC447DCF-ABFA-6E24-52A5-D7FD48A5C558}
		{12F2C5D9-FA0D-4C32-8DA0-9AE8CF94A361} = {282EE0EF-0719-FA39-321C-A995029F2B89}
		{FE98CD75-B91D-95F6-3805-48451ACB7E45} = {EC447DCF-ABFA-6E24-52A5-D7FD48A5C558}
		{53385AAF-A9EF-432F-8D50-392BD7E48427} = {FE98CD75-B91D-95F6-3805-48451ACB7E45}
		{09A91B6C-79E6-0968-6169-7E6887562B47} = {EC447DCF-ABFA-6E24-52A5-D7FD48A5C558}
		{D4FF22DC-290B-425E-A20E-26C955EA62C1} = {09A91B6C-79E6-0968-6169-7E6887562B47}
		{0F4FA825-96CA-53A4-7777-15B379372563} = {EC447DCF-ABFA-6E24-52A5-D7FD48A5C558}
		{193C590D-5110-4EAB-893F-CE6DE74DA349} = {0F4FA825-96CA-53A4-7777-15B379372563}
		{82BFC7C4-3466-5293-075E-3D9CCDC4FC14} = {EC447DCF-ABFA-6E24-52A5-D7FD48A5C558}
		{89D58249-237F-4C18-BDA5-58523AF5AD2D} = {82BFC7C4-3466-5293-075E-3D9CCDC4FC14}
		{4AE10D05-DD3E-F48E-F17B-B26EA748633E} = {EC447DCF-ABFA-6E24-52A5-D7FD48A5C558}
		{70AE8C5E-F32F-43C5-A376-52399F0082D7} = {4AE10D05-DD3E-F48E-F17B-B26EA748633E}
		{8404C75D-7182-2105-FD55-6584E5C982B2} = {EC447DCF-ABFA-6E24-52A5-D7FD48A5C558}
		{0AC24420-EDB2-4A7A-A096-E9E7AD700A86} = {8404C75D-7182-2105-FD55-6584E5C982B2}
		{738763F7-68AC-12DE-A386-1ED9BDE12CF2} = {EC447DCF-ABFA-6E24-52A5-D7FD48A5C558}
		{02EA7FE8-6907-4B43-AE80-9155E4646C11} = {738763F7-68AC-12DE-A386-1ED9BDE12CF2}
		{6E7B6FB6-1E98-6448-75A1-2A21B50F43BA} = {EC447DCF-ABFA-6E24-52A5-D7FD48A5C558}
		{C752F209-D274-4F4B-9A4F-4AAA40FE4F9D} = {6E7B6FB6-1E98-6448-75A1-2A21B50F43BA}
		{4FE13039-7D07-0363-0948-646C57A2645F} = {EC447DCF-ABFA-6E24-52A5-D7FD48A5C558}
		{6D6F02B4-6CB6-48BA-ABE4-A4C872223671} = {4FE13039-7D07-0363-0948-646C57A2645F}
		{B7504168-2F66-9EF4-E8D7-36B98062A6F8} = {EC447DCF-ABFA-6E24-52A5-D7FD48A5C558}
		{E33FCDA4-B686-4623-84B5-479E515B0525} = {B7504168-2F66-9EF4-E8D7-36B98062A6F8}
		{3EB5CA29-E399-4B44-90FC-BB1EBD4A8A12} = {0AB3BF05-4346-4AA6-1389-037BE0695223}
		{1BD4ECF8-E9FC-4D85-9151-6AB0CC959F2C} = {0AB3BF05-4346-4AA6-1389-037BE0695223}
		{94C67085-7414-4A62-BCC1-5F3690D4370F} = {46899413-A1AD-7709-F42F-DC74916C2577}
		{F51FA92F-0DB3-4441-9096-2ACDCF125A60} = {46899413-A1AD-7709-F42F-DC74916C2577}
		{17AA5F8D-22B9-4E7C-99C7-9B601E967C92} = {46899413-A1AD-7709-F42F-DC74916C2577}
		{5178367C-2B9F-4700-8AB4-B36A8FE42C54} = {46899413-A1AD-7709-F42F-DC74916C2577}
		{402D02FD-E107-4136-B756-8D240C44C96C} = {46899413-A1AD-7709-F42F-DC74916C2577}
		{71102637-0464-41E4-BE71-C8D47B621865} = {46899413-A1AD-7709-F42F-DC74916C2577}
	EndGlobalSection
EndGlobal
